
Microsoft Visual Studio Solution File, Format Version 12.00
# Visual Studio Version 16
VisualStudioVersion = 16.0.31321.278
MinimumVisualStudioVersion = 10.0.40219.1
Project("{9A19103F-16F7-4668-BE54-9A1E7A4F7556}") = "PromotionCoding", "PromotionCoding\PromotionCoding.csproj", "{2271AEEE-ABE0-4DDE-B924-3DEE62FBC7A9}"
EndProject
Project("{FAE04EC0-301F-11D3-BF4B-00C04F79EFBC}") = "TestProject1", "TestProject1\TestProject1.csproj", "{C8EAA11F-813E-4CCF-BF6E-6763C1DB68D9}"
EndProject
Global
	GlobalSection(SolutionConfigurationPlatforms) = preSolution
		Debug|Any CPU = Debug|Any CPU
		Release|Any CPU = Release|Any CPU
	EndGlobalSection
	GlobalSection(ProjectConfigurationPlatforms) = postSolution
		{2271AEEE-ABE0-4DDE-B924-3DEE62FBC7A9}.Debug|Any CPU.ActiveCfg = Debug|Any CPU
		{2271AEEE-ABE0-4DDE-B924-3DEE62FBC7A9}.Debug|Any CPU.Build.0 = Debug|Any CPU
		{2271AEEE-ABE0-4DDE-B924-3DEE62FBC7A9}.Release|Any CPU.ActiveCfg = Release|Any CPU
		{2271AEEE-ABE0-4DDE-B924-3DEE62FBC7A9}.Release|Any CPU.Build.0 = Release|Any CPU
		{C8EAA11F-813E-4CCF-BF6E-6763C1DB68D9}.Debug|Any CPU.ActiveCfg = Debug|Any CPU
		{C8EAA11F-813E-4CCF-BF6E-6763C1DB68D9}.Debug|Any CPU.Build.0 = Debug|Any CPU
		{C8EAA11F-813E-4CCF-BF6E-6763C1DB68D9}.Release|Any CPU.ActiveCfg = Release|Any CPU
		{C8EAA11F-813E-4CCF-BF6E-6763C1DB68D9}.Release|Any CPU.Build.0 = Release|Any CPU
	EndGlobalSection
	GlobalSection(SolutionProperties) = preSolution
		HideSolutionNode = FALSE
	EndGlobalSection
	GlobalSection(ExtensibilityGlobals) = postSolution
		SolutionGuid = {E1B68022-49F8-4B8E-8081-E8210E097D43}
	EndGlobalSection
EndGlobal
